# This file is autogenerated, do not edit; changes may be undone by the next 'dep ensure'.


[[projects]]
  name = "github.com/PuerkitoBio/fetchbot"
  packages = ["."]
  revision = "61eb5a10440a8313c73a7ff88602380872bff2ce"
  version = "v1.1.2"

[[projects]]
  branch = "master"
  name = "github.com/temoto/robotstxt-go"
  packages = ["."]
  revision = "9e4646fa705336d5b2fa9dddfafbe0a1a965acd7"

[[projects]]
  branch = "master"
  name = "golang.org/x/net"
  packages = ["html","html/atom"]
  revision = "aabf50738bcdd9b207582cbe796b59ed65d56680"

[solve-meta]
  analyzer-name = "dep"
  analyzer-version = 1
  inputs-digest = "66e06c71de0e6f07b17a24411a86b3db2ad5293299d613784a9018f28dbf4893"
  solver-name = "gps-cdcl"
  solver-version = 1
